
Microsoft Visual Studio Solution File, Format Version 12.00
# Visual Studio Version 17
VisualStudioVersion = 17.14.36623.8
MinimumVisualStudioVersion = 10.0.40219.1
Project("{2150E333-8FDC-42A3-9474-1A3956D46DE8}") = "Client", "Client", "{36D591C7-65C7-A0D1-1CBC-10CDE441BDC8}"
EndProject
Project("{2150E333-8FDC-42A3-9474-1A3956D46DE8}") = "Core", "Core", "{5552F798-3917-42EA-96F1-A044C6BFF469}"
EndProject
Project("{FAE04EC0-301F-11D3-BF4B-00C04F79EFBC}") = "Medicare.ClientWPF", "Medicare.ClientWPF\Medicare.ClientWPF.csproj", "{CD1F8A4C-59B6-4676-B1C0-5B659F3BD674}"
EndProject
Project("{FAE04EC0-301F-11D3-BF4B-00C04F79EFBC}") = "Medicare.Domain", "Medicare.Domain\Medicare.Domain.csproj", "{4ED303E2-5C42-4891-AE2A-DC64FB3712E0}"
EndProject
Project("{2150E333-8FDC-42A3-9474-1A3956D46DE8}") = "Tests", "Tests", "{E6A17CC6-DFEC-4C3D-AD8A-349942E6430E}"
EndProject
Project("{FAE04EC0-301F-11D3-BF4B-00C04F79EFBC}") = "Medicare.Tests", "Medicare.Tests\Medicare.Tests.csproj", "{CE214297-8DA0-4793-B93C-54FF577FB27A}"
EndProject
Global
	GlobalSection(SolutionConfigurationPlatforms) = preSolution
		Debug|Any CPU = Debug|Any CPU
		Release|Any CPU = Release|Any CPU
	EndGlobalSection
	GlobalSection(ProjectConfigurationPlatforms) = postSolution
		{CD1F8A4C-59B6-4676-B1C0-5B659F3BD674}.Debug|Any CPU.ActiveCfg = Debug|Any CPU
		{CD1F8A4C-59B6-4676-B1C0-5B659F3BD674}.Debug|Any CPU.Build.0 = Debug|Any CPU
		{CD1F8A4C-59B6-4676-B1C0-5B659F3BD674}.Release|Any CPU.ActiveCfg = Release|Any CPU
		{CD1F8A4C-59B6-4676-B1C0-5B659F3BD674}.Release|Any CPU.Build.0 = Release|Any CPU
		{4ED303E2-5C42-4891-AE2A-DC64FB3712E0}.Debug|Any CPU.ActiveCfg = Debug|Any CPU
		{4ED303E2-5C42-4891-AE2A-DC64FB3712E0}.Debug|Any CPU.Build.0 = Debug|Any CPU
		{4ED303E2-5C42-4891-AE2A-DC64FB3712E0}.Release|Any CPU.ActiveCfg = Release|Any CPU
		{4ED303E2-5C42-4891-AE2A-DC64FB3712E0}.Release|Any CPU.Build.0 = Release|Any CPU
		{CE214297-8DA0-4793-B93C-54FF577FB27A}.Debug|Any CPU.ActiveCfg = Debug|Any CPU
		{CE214297-8DA0-4793-B93C-54FF577FB27A}.Debug|Any CPU.Build.0 = Debug|Any CPU
		{CE214297-8DA0-4793-B93C-54FF577FB27A}.Release|Any CPU.ActiveCfg = Release|Any CPU
		{CE214297-8DA0-4793-B93C-54FF577FB27A}.Release|Any CPU.Build.0 = Release|Any CPU
	EndGlobalSection
	GlobalSection(SolutionProperties) = preSolution
		HideSolutionNode = FALSE
	EndGlobalSection
	GlobalSection(NestedProjects) = preSolution
		{CD1F8A4C-59B6-4676-B1C0-5B659F3BD674} = {36D591C7-65C7-A0D1-1CBC-10CDE441BDC8}
		{4ED303E2-5C42-4891-AE2A-DC64FB3712E0} = {5552F798-3917-42EA-96F1-A044C6BFF469}
		{CE214297-8DA0-4793-B93C-54FF577FB27A} = {E6A17CC6-DFEC-4C3D-AD8A-349942E6430E}
	EndGlobalSection
	GlobalSection(ExtensibilityGlobals) = postSolution
		SolutionGuid = {0D17D1B1-6FA8-4256-944B-0A616BF193DF}
	EndGlobalSection
EndGlobal
